
Microsoft Visual Studio Solution File, Format Version 12.00
# Visual Studio Version 17
VisualStudioVersion = 17.0.32014.148
MinimumVisualStudioVersion = 10.0.40219.1
Project("{F2A71F9B-5D33-465A-A702-920D77279786}") = "MerkleTree", "MerkleTree\MerkleTree.fsproj", "{3BFDDA23-1EB0-4F25-A2D8-E5BD691A7E52}"
EndProject
Global
	GlobalSection(SolutionConfigurationPlatforms) = preSolution
		Debug|Any CPU = Debug|Any CPU
		Release|Any CPU = Release|Any CPU
	EndGlobalSection
	GlobalSection(ProjectConfigurationPlatforms) = postSolution
		{3BFDDA23-1EB0-4F25-A2D8-E5BD691A7E52}.Debug|Any CPU.ActiveCfg = Debug|Any CPU
		{3BFDDA23-1EB0-4F25-A2D8-E5BD691A7E52}.Debug|Any CPU.Build.0 = Debug|Any CPU
		{3BFDDA23-1EB0-4F25-A2D8-E5BD691A7E52}.Release|Any CPU.ActiveCfg = Release|Any CPU
		{3BFDDA23-1EB0-4F25-A2D8-E5BD691A7E52}.Release|Any CPU.Build.0 = Release|Any CPU
	EndGlobalSection
	GlobalSection(SolutionProperties) = preSolution
		HideSolutionNode = FALSE
	EndGlobalSection
	GlobalSection(ExtensibilityGlobals) = postSolution
		SolutionGuid = {4DDF7582-4AA7-4FBA-A609-37F822EE6157}
	EndGlobalSection
EndGlobal
